PODS:
  - AFNetworking/Reachability (3.2.1)
  - ESFramework (3.18.2):
    - ESFramework/Core (= 3.18.2)
    - ESFramework/Foundation (= 3.18.2)
    - ESFramework/Network (= 3.18.2)
    - ESFramework/UIKit (= 3.18.2)
  - ESFramework/Core (3.18.2)
  - ESFramework/Foundation (3.18.2):
    - ESFramework/Core
  - ESFramework/Network (3.18.2)
  - ESFramework/UIKit (3.18.2):
    - AFNetworking/Reachability (>= 2.0)
    - ESFramework/Foundation
    - ESFramework/Network
  - ESFrameworkUI (3.11.1):
    - ESFramework (~> 3.18)

DEPENDENCIES:
  - ESFrameworkUI (from `.`)

SPEC REPOS:
  https://github.com/cocoapods/specs.git:
    - AFNetworking
    - ESFramework

EXTERNAL SOURCES:
  ESFrameworkUI:
    :path: "."

SPEC CHECKSUMS:
  AFNetworking: b6f891fdfaed196b46c7a83cf209e09697b94057
  ESFramework: 35c9729fba95aec4ad5b6a9a4215ff1f22d953f7
  ESFrameworkUI: 13e6dd158f9fe91e0ff1c80d693c43f01bae7686

PODFILE CHECKSUM: 2bb04f56c9652e309bf527d0211212c019feba57

COCOAPODS: 1.7.5
