// !$*UTF8*$!
{
	archiveVersion = 1;
	classes = {
	};
	objectVersion = 50;
	objects = {

/* Begin PBXBuildFile section */
		AEAED95BF608C92A2C7E92CE /* libPods-iOS Example.a in Frameworks */ = {isa = PBXBuildFile; fileRef = 881A5D5C2BD4B26A84F453BB /* libPods-iOS Example.a */; };
		E7BEC84322BA53E100653343 /* AppDelegate.m in Sources */ = {isa = PBXBuildFile; fileRef = E7BEC84222BA53E100653343 /* AppDelegate.m */; };
		E7BEC84622BA53E100653343 /* ViewController.m in Sources */ = {isa = PBXBuildFile; fileRef = E7BEC84522BA53E100653343 /* ViewController.m */; };
		E7BEC84B22BA53E200653343 /* Assets.xcassets in Resources */ = {isa = PBXBuildFile; fileRef = E7BEC84A22BA53E200653343 /* Assets.xcassets */; };
		E7BEC85122BA53E200653343 /* main.m in Sources */ = {isa = PBXBuildFile; fileRef = E7BEC85022BA53E200653343 /* main.m */; };
		E7BEC8AC22BA56F100653343 /* LaunchScreen.storyboard in Resources */ = {isa = PBXBuildFile; fileRef = E7BEC8AA22BA56F100653343 /* LaunchScreen.storyboard */; };
/* End PBXBuildFile section */

/* Begin PBXCopyFilesBuildPhase section */
		E7BEC8A722BA545F00653343 /* Embed Watch Content */ = {
			isa = PBXCopyFilesBuildPhase;
			buildActionMask = 2147483647;
			dstPath = "$(CONTENTS_FOLDER_PATH)/Watch";
			dstSubfolderSpec = 16;
			files = (
			);
			name = "Embed Watch Content";
			runOnlyForDeploymentPostprocessing = 0;
		};
/* End PBXCopyFilesBuildPhase section */

/* Begin PBXFileReference section */
		3D0D195F2F958956D16C5B28 /* Pods-iOS Example.debug.xcconfig */ = {isa = PBXFileReference; includeInIndex = 1; lastKnownFileType = text.xcconfig; name = "Pods-iOS Example.debug.xcconfig"; path = "Target Support Files/Pods-iOS Example/Pods-iOS Example.debug.xcconfig"; sourceTree = "<group>"; };
		881A5D5C2BD4B26A84F453BB /* libPods-iOS Example.a */ = {isa = PBXFileReference; explicitFileType = archive.ar; includeInIndex = 0; path = "libPods-iOS Example.a"; sourceTree = BUILT_PRODUCTS_DIR; };
		97E8E3C405D0283E168E5251 /* Pods-iOS Example.release.xcconfig */ = {isa = PBXFileReference; includeInIndex = 1; lastKnownFileType = text.xcconfig; name = "Pods-iOS Example.release.xcconfig"; path = "Target Support Files/Pods-iOS Example/Pods-iOS Example.release.xcconfig"; sourceTree = "<group>"; };
		E7BEC83F22BA53E100653343 /* iOS Example.app */ = {isa = PBXFileReference; explicitFileType = wrapper.application; includeInIndex = 0; path = "iOS Example.app"; sourceTree = BUILT_PRODUCTS_DIR; };
		E7BEC84122BA53E100653343 /* AppDelegate.h */ = {isa = PBXFileReference; lastKnownFileType = sourcecode.c.h; path = AppDelegate.h; sourceTree = "<group>"; };
		E7BEC84222BA53E100653343 /* AppDelegate.m */ = {isa = PBXFileReference; lastKnownFileType = sourcecode.c.objc; path = AppDelegate.m; sourceTree = "<group>"; };
		E7BEC84422BA53E100653343 /* ViewController.h */ = {isa = PBXFileReference; lastKnownFileType = sourcecode.c.h; path = ViewController.h; sourceTree = "<group>"; };
		E7BEC84522BA53E100653343 /* ViewController.m */ = {isa = PBXFileReference; lastKnownFileType = sourcecode.c.objc; path = ViewController.m; sourceTree = "<group>"; };
		E7BEC84A22BA53E200653343 /* Assets.xcassets */ = {isa = PBXFileReference; lastKnownFileType = folder.assetcatalog; path = Assets.xcassets; sourceTree = "<group>"; };
		E7BEC84F22BA53E200653343 /* Info.plist */ = {isa = PBXFileReference; lastKnownFileType = text.plist.xml; path = Info.plist; sourceTree = "<group>"; };
		E7BEC85022BA53E200653343 /* main.m */ = {isa = PBXFileReference; lastKnownFileType = sourcecode.c.objc; path = main.m; sourceTree = "<group>"; };
		E7BEC8AB22BA56F100653343 /* Base */ = {isa = PBXFileReference; lastKnownFileType = file.storyboard; name = Base; path = Base.lproj/LaunchScreen.storyboard; sourceTree = "<group>"; };
/* End PBXFileReference section */

/* Begin PBXFrameworksBuildPhase section */
		E7BEC83C22BA53E100653343 /* Frameworks */ = {
			isa = PBXFrameworksBuildPhase;
			buildActionMask = 2147483647;
			files = (
				AEAED95BF608C92A2C7E92CE /* libPods-iOS Example.a in Frameworks */,
			);
			runOnlyForDeploymentPostprocessing = 0;
		};
/* End PBXFrameworksBuildPhase section */

/* Begin PBXGroup section */
		A06316B4A2C13178394F06BF /* Frameworks */ = {
			isa = PBXGroup;
			children = (
				881A5D5C2BD4B26A84F453BB /* libPods-iOS Example.a */,
			);
			name = Frameworks;
			sourceTree = "<group>";
		};
		E7BB15AFCF0215D4C49EFF2C /* Pods */ = {
			isa = PBXGroup;
			children = (
				3D0D195F2F958956D16C5B28 /* Pods-iOS Example.debug.xcconfig */,
				97E8E3C405D0283E168E5251 /* Pods-iOS Example.release.xcconfig */,
			);
			name = Pods;
			path = ../Pods;
			sourceTree = "<group>";
		};
		E7BEC7AC22BA3C3F00653343 = {
			isa = PBXGroup;
			children = (
				E7BEC84022BA53E100653343 /* iOS Example */,
				E7BEC7B822BA3C7800653343 /* Products */,
				E7BB15AFCF0215D4C49EFF2C /* Pods */,
				A06316B4A2C13178394F06BF /* Frameworks */,
			);
			sourceTree = "<group>";
		};
		E7BEC7B822BA3C7800653343 /* Products */ = {
			isa = PBXGroup;
			children = (
				E7BEC83F22BA53E100653343 /* iOS Example.app */,
			);
			name = Products;
			sourceTree = "<group>";
		};
		E7BEC84022BA53E100653343 /* iOS Example */ = {
			isa = PBXGroup;
			children = (
				E7BEC84122BA53E100653343 /* AppDelegate.h */,
				E7BEC84222BA53E100653343 /* AppDelegate.m */,
				E7BEC84422BA53E100653343 /* ViewController.h */,
				E7BEC84522BA53E100653343 /* ViewController.m */,
				E7BEC84A22BA53E200653343 /* Assets.xcassets */,
				E7BEC84F22BA53E200653343 /* Info.plist */,
				E7BEC8AA22BA56F100653343 /* LaunchScreen.storyboard */,
				E7BEC85022BA53E200653343 /* main.m */,
			);
			path = "iOS Example";
			sourceTree = "<group>";
		};
/* End PBXGroup section */

/* Begin PBXNativeTarget section */
		E7BEC83E22BA53E100653343 /* iOS Example */ = {
			isa = PBXNativeTarget;
			buildConfigurationList = E7BEC85222BA53E200653343 /* Build configuration list for PBXNativeTarget "iOS Example" */;
			buildPhases = (
				09AE0ED261344B5283979C45 /* [CP] Check Pods Manifest.lock */,
				E7BEC83B22BA53E100653343 /* Sources */,
				E7BEC83C22BA53E100653343 /* Frameworks */,
				E7BEC83D22BA53E100653343 /* Resources */,
				E7BEC8A722BA545F00653343 /* Embed Watch Content */,
			);
			buildRules = (
			);
			dependencies = (
			);
			name = "iOS Example";
			productName = "iOS Example";
			productReference = E7BEC83F22BA53E100653343 /* iOS Example.app */;
			productType = "com.apple.product-type.application";
		};
/* End PBXNativeTarget section */

/* Begin PBXProject section */
		E7BEC7AD22BA3C3F00653343 /* Project object */ = {
			isa = PBXProject;
			attributes = {
				LastUpgradeCheck = 1020;
				ORGANIZATIONNAME = "https://0x123.com";
				TargetAttributes = {
					E7BEC83E22BA53E100653343 = {
						CreatedOnToolsVersion = 10.2.1;
					};
				};
			};
			buildConfigurationList = E7BEC7B022BA3C3F00653343 /* Build configuration list for PBXProject "Example" */;
			compatibilityVersion = "Xcode 9.3";
			developmentRegion = en;
			hasScannedForEncodings = 0;
			knownRegions = (
				en,
				Base,
			);
			mainGroup = E7BEC7AC22BA3C3F00653343;
			productRefGroup = E7BEC7B822BA3C7800653343 /* Products */;
			projectDirPath = "";
			projectRoot = "";
			targets = (
				E7BEC83E22BA53E100653343 /* iOS Example */,
			);
		};
/* End PBXProject section */

/* Begin PBXResourcesBuildPhase section */
		E7BEC83D22BA53E100653343 /* Resources */ = {
			isa = PBXResourcesBuildPhase;
			buildActionMask = 2147483647;
			files = (
				E7BEC84B22BA53E200653343 /* Assets.xcassets in Resources */,
				E7BEC8AC22BA56F100653343 /* LaunchScreen.storyboard in Resources */,
			);
			runOnlyForDeploymentPostprocessing = 0;
		};
/* End PBXResourcesBuildPhase section */

/* Begin PBXShellScriptBuildPhase section */
		09AE0ED261344B5283979C45 /* [CP] Check Pods Manifest.lock */ = {
			isa = PBXShellScriptBuildPhase;
			buildActionMask = 2147483647;
			files = (
			);
			inputFileListPaths = (
			);
			inputPaths = (
				"${PODS_PODFILE_DIR_PATH}/Podfile.lock",
				"${PODS_ROOT}/Manifest.lock",
			);
			name = "[CP] Check Pods Manifest.lock";
			outputFileListPaths = (
			);
			outputPaths = (
				"$(DERIVED_FILE_DIR)/Pods-iOS Example-checkManifestLockResult.txt",
			);
			runOnlyForDeploymentPostprocessing = 0;
			shellPath = /bin/sh;
			shellScript = "diff \"${PODS_PODFILE_DIR_PATH}/Podfile.lock\" \"${PODS_ROOT}/Manifest.lock\" > /dev/null\nif [ $? != 0 ] ; then\n    # print error to STDERR\n    echo \"error: The sandbox is not in sync with the Podfile.lock. Run 'pod install' or update your CocoaPods installation.\" >&2\n    exit 1\nfi\n# This output is used by Xcode 'outputs' to avoid re-running this script phase.\necho \"SUCCESS\" > \"${SCRIPT_OUTPUT_FILE_0}\"\n";
			showEnvVarsInLog = 0;
		};
/* End PBXShellScriptBuildPhase section */

/* Begin PBXSourcesBuildPhase section */
		E7BEC83B22BA53E100653343 /* Sources */ = {
			isa = PBXSourcesBuildPhase;
			buildActionMask = 2147483647;
			files = (
				E7BEC84622BA53E100653343 /* ViewController.m in Sources */,
				E7BEC85122BA53E200653343 /* main.m in Sources */,
				E7BEC84322BA53E100653343 /* AppDelegate.m in Sources */,
			);
			runOnlyForDeploymentPostprocessing = 0;
		};
/* End PBXSourcesBuildPhase section */

/* Begin PBXVariantGroup section */
		E7BEC8AA22BA56F100653343 /* LaunchScreen.storyboard */ = {
			isa = PBXVariantGroup;
			children = (
				E7BEC8AB22BA56F100653343 /* Base */,
			);
			name = LaunchScreen.storyboard;
			sourceTree = "<group>";
		};
/* End PBXVariantGroup section */

/* Begin XCBuildConfiguration section */
		E7BEC7B122BA3C3F00653343 /* Debug */ = {
			isa = XCBuildConfiguration;
			buildSettings = {
				IPHONEOS_DEPLOYMENT_TARGET = 9.0;
				MACOSX_DEPLOYMENT_TARGET = 10.11;
			};
			name = Debug;
		};
		E7BEC7B222BA3C3F00653343 /* Release */ = {
			isa = XCBuildConfiguration;
			buildSettings = {
				IPHONEOS_DEPLOYMENT_TARGET = 9.0;
				MACOSX_DEPLOYMENT_TARGET = 10.11;
			};
			name = Release;
		};
		E7BEC85322BA53E200653343 /* Debug */ = {
			isa = XCBuildConfiguration;
			baseConfigurationReference = 3D0D195F2F958956D16C5B28 /* Pods-iOS Example.debug.xcconfig */;
			buildSettings = {
				ASSETCATALOG_COMPILER_APPICON_NAME = AppIcon;
				CLANG_CXX_LANGUAGE_STANDARD = "gnu++14";
				CLANG_CXX_LIBRARY = "libc++";
				CLANG_ENABLE_MODULES = YES;
				CLANG_ENABLE_OBJC_WEAK = YES;
				CODE_SIGN_IDENTITY = "iPhone Developer";
				CODE_SIGN_STYLE = Automatic;
				COPY_PHASE_STRIP = NO;
				DEBUG_INFORMATION_FORMAT = dwarf;
				DEVELOPMENT_TEAM = 2BCR855ENY;
				ENABLE_TESTABILITY = YES;
				GCC_DYNAMIC_NO_PIC = NO;
				INFOPLIST_FILE = "iOS Example/Info.plist";
				LD_RUNPATH_SEARCH_PATHS = (
					"$(inherited)",
					"@executable_path/Frameworks",
				);
				MTL_ENABLE_DEBUG_INFO = INCLUDE_SOURCE;
				MTL_FAST_MATH = YES;
				ONLY_ACTIVE_ARCH = YES;
				PRODUCT_BUNDLE_IDENTIFIER = "com.0x123.Example.iOS-Example";
				PRODUCT_NAME = "$(TARGET_NAME)";
				SDKROOT = iphoneos;
				TARGETED_DEVICE_FAMILY = "1,2";
			};
			name = Debug;
		};
		E7BEC85422BA53E200653343 /* Release */ = {
			isa = XCBuildConfiguration;
			baseConfigurationReference = 97E8E3C405D0283E168E5251 /* Pods-iOS Example.release.xcconfig */;
			buildSettings = {
				ASSETCATALOG_COMPILER_APPICON_NAME = AppIcon;
				CLANG_CXX_LANGUAGE_STANDARD = "gnu++14";
				CLANG_CXX_LIBRARY = "libc++";
				CLANG_ENABLE_MODULES = YES;
				CLANG_ENABLE_OBJC_WEAK = YES;
				CODE_SIGN_IDENTITY = "iPhone Developer";
				CODE_SIGN_STYLE = Automatic;
				COPY_PHASE_STRIP = NO;
				DEBUG_INFORMATION_FORMAT = "dwarf-with-dsym";
				DEVELOPMENT_TEAM = 2BCR855ENY;
				INFOPLIST_FILE = "iOS Example/Info.plist";
				LD_RUNPATH_SEARCH_PATHS = (
					"$(inherited)",
					"@executable_path/Frameworks",
				);
				MTL_ENABLE_DEBUG_INFO = NO;
				MTL_FAST_MATH = YES;
				PRODUCT_BUNDLE_IDENTIFIER = "com.0x123.Example.iOS-Example";
				PRODUCT_NAME = "$(TARGET_NAME)";
				SDKROOT = iphoneos;
				TARGETED_DEVICE_FAMILY = "1,2";
				VALIDATE_PRODUCT = YES;
			};
			name = Release;
		};
/* End XCBuildConfiguration section */

/* Begin XCConfigurationList section */
		E7BEC7B022BA3C3F00653343 /* Build configuration list for PBXProject "Example" */ = {
			isa = XCConfigurationList;
			buildConfigurations = (
				E7BEC7B122BA3C3F00653343 /* Debug */,
				E7BEC7B222BA3C3F00653343 /* Release */,
			);
			defaultConfigurationIsVisible = 0;
			defaultConfigurationName = Release;
		};
		E7BEC85222BA53E200653343 /* Build configuration list for PBXNativeTarget "iOS Example" */ = {
			isa = XCConfigurationList;
			buildConfigurations = (
				E7BEC85322BA53E200653343 /* Debug */,
				E7BEC85422BA53E200653343 /* Release */,
			);
			defaultConfigurationIsVisible = 0;
			defaultConfigurationName = Release;
		};
/* End XCConfigurationList section */
	};
	rootObject = E7BEC7AD22BA3C3F00653343 /* Project object */;
}
